
Microsoft Visual Studio Solution File, Format Version 12.00
# Visual Studio 15
VisualStudioVersion = 15.0.27703.2047
MinimumVisualStudioVersion = 10.0.40219.1
Project("{FAE04EC0-301F-11D3-BF4B-00C04F79EFBC}") = "ClasificacionInteligenteDeDatos", "ClasificacionInteligenteDeDatos\ClasificacionInteligenteDeDatos.csproj", "{7654B014-DEDE-4806-B913-6D532B61669B}"
EndProject
Global
	GlobalSection(SolutionConfigurationPlatforms) = preSolution
		Debug|Any CPU = Debug|Any CPU
		Release|Any CPU = Release|Any CPU
	EndGlobalSection
	GlobalSection(ProjectConfigurationPlatforms) = postSolution
		{7654B014-DEDE-4806-B913-6D532B61669B}.Debug|Any CPU.ActiveCfg = Debug|Any CPU
		{7654B014-DEDE-4806-B913-6D532B61669B}.Debug|Any CPU.Build.0 = Debug|Any CPU
		{7654B014-DEDE-4806-B913-6D532B61669B}.Release|Any CPU.ActiveCfg = Release|Any CPU
		{7654B014-DEDE-4806-B913-6D532B61669B}.Release|Any CPU.Build.0 = Release|Any CPU
	EndGlobalSection
	GlobalSection(SolutionProperties) = preSolution
		HideSolutionNode = FALSE
	EndGlobalSection
	GlobalSection(ExtensibilityGlobals) = postSolution
		SolutionGuid = {EF8E5F74-3773-436B-A98E-7DA03F8DA7F9}
	EndGlobalSection
EndGlobal
